// !$*UTF8*$!
{
	archiveVersion = 1;
	classes = {
	};
	objectVersion = 56;
	objects = {

/* Begin PBXBuildFile section */
		AA1DCC5A29B6A42800503406 /* AppDelegate.swift in Sources */ = {isa = PBXBuildFile; fileRef = AA1DCC5929B6A42800503406 /* AppDelegate.swift */; };
		AA1DCC5C29B6A42800503406 /* SceneDelegate.swift in Sources */ = {isa = PBXBuildFile; fileRef = AA1DCC5B29B6A42800503406 /* SceneDelegate.swift */; };
		AA1DCC5E29B6A42800503406 /* FilmViewController.swift in Sources */ = {isa = PBXBuildFile; fileRef = AA1DCC5D29B6A42800503406 /* FilmViewController.swift */; };
		AA1DCC6129B6A42800503406 /* Main.storyboard in Resources */ = {isa = PBXBuildFile; fileRef = AA1DCC5F29B6A42800503406 /* Main.storyboard */; };
		AA1DCC6329B6A42A00503406 /* Assets.xcassets in Resources */ = {isa = PBXBuildFile; fileRef = AA1DCC6229B6A42A00503406 /* Assets.xcassets */; };
		AA1DCC6629B6A42A00503406 /* LaunchScreen.storyboard in Resources */ = {isa = PBXBuildFile; fileRef = AA1DCC6429B6A42A00503406 /* LaunchScreen.storyboard */; };
		AA1DCC6E29B6A71D00503406 /* Movie.swift in Sources */ = {isa = PBXBuildFile; fileRef = AA1DCC6D29B6A71D00503406 /* Movie.swift */; };
		AA1DCC7229B6C72A00503406 /* MovieCell.swift in Sources */ = {isa = PBXBuildFile; fileRef = AA1DCC7129B6C72A00503406 /* MovieCell.swift */; };
		AA1DCC7529B6CC9700503406 /* Nuke in Frameworks */ = {isa = PBXBuildFile; productRef = AA1DCC7429B6CC9700503406 /* Nuke */; };
		AA1DCC7929B6EC4100503406 /* DetailViewController.swift in Sources */ = {isa = PBXBuildFile; fileRef = AA1DCC7829B6EC4100503406 /* DetailViewController.swift */; };
/* End PBXBuildFile section */

/* Begin PBXFileReference section */
		AA1DCC5629B6A42800503406 /* Project Week 2.app */ = {isa = PBXFileReference; explicitFileType = wrapper.application; includeInIndex = 0; path = "Project Week 2.app"; sourceTree = BUILT_PRODUCTS_DIR; };
		AA1DCC5929B6A42800503406 /* AppDelegate.swift */ = {isa = PBXFileReference; lastKnownFileType = sourcecode.swift; path = AppDelegate.swift; sourceTree = "<group>"; };
		AA1DCC5B29B6A42800503406 /* SceneDelegate.swift */ = {isa = PBXFileReference; lastKnownFileType = sourcecode.swift; path = SceneDelegate.swift; sourceTree = "<group>"; };
		AA1DCC5D29B6A42800503406 /* FilmViewController.swift */ = {isa = PBXFileReference; lastKnownFileType = sourcecode.swift; path = FilmViewController.swift; sourceTree = "<group>"; };
		AA1DCC6029B6A42800503406 /* Base */ = {isa = PBXFileReference; lastKnownFileType = file.storyboard; name = Base; path = Base.lproj/Main.storyboard; sourceTree = "<group>"; };
		AA1DCC6229B6A42A00503406 /* Assets.xcassets */ = {isa = PBXFileReference; lastKnownFileType = folder.assetcatalog; path = Assets.xcassets; sourceTree = "<group>"; };
		AA1DCC6529B6A42A00503406 /* Base */ = {isa = PBXFileReference; lastKnownFileType = file.storyboard; name = Base; path = Base.lproj/LaunchScreen.storyboard; sourceTree = "<group>"; };
		AA1DCC6729B6A42A00503406 /* Info.plist */ = {isa = PBXFileReference; lastKnownFileType = text.plist.xml; path = Info.plist; sourceTree = "<group>"; };
		AA1DCC6D29B6A71D00503406 /* Movie.swift */ = {isa = PBXFileReference; lastKnownFileType = sourcecode.swift; path = Movie.swift; sourceTree = "<group>"; };
		AA1DCC7129B6C72A00503406 /* MovieCell.swift */ = {isa = PBXFileReference; lastKnownFileType = sourcecode.swift; path = MovieCell.swift; sourceTree = "<group>"; };
		AA1DCC7829B6EC4100503406 /* DetailViewController.swift */ = {isa = PBXFileReference; lastKnownFileType = sourcecode.swift; path = DetailViewController.swift; sourceTree = "<group>"; };
/* End PBXFileReference section */

/* Begin PBXFrameworksBuildPhase section */
		AA1DCC5329B6A42800503406 /* Frameworks */ = {
			isa = PBXFrameworksBuildPhase;
			buildActionMask = 2147483647;
			files = (
				AA1DCC7529B6CC9700503406 /* Nuke in Frameworks */,
			);
			runOnlyForDeploymentPostprocessing = 0;
		};
/* End PBXFrameworksBuildPhase section */

/* Begin PBXGroup section */
		AA1DCC4D29B6A42800503406 = {
			isa = PBXGroup;
			children = (
				AA1DCC5829B6A42800503406 /* Project Week 2 */,
				AA1DCC5729B6A42800503406 /* Products */,
			);
			sourceTree = "<group>";
		};
		AA1DCC5729B6A42800503406 /* Products */ = {
			isa = PBXGroup;
			children = (
				AA1DCC5629B6A42800503406 /* Project Week 2.app */,
			);
			name = Products;
			sourceTree = "<group>";
		};
		AA1DCC5829B6A42800503406 /* Project Week 2 */ = {
			isa = PBXGroup;
			children = (
				AA1DCC6D29B6A71D00503406 /* Movie.swift */,
				AA1DCC5929B6A42800503406 /* AppDelegate.swift */,
				AA1DCC5B29B6A42800503406 /* SceneDelegate.swift */,
				AA1DCC5D29B6A42800503406 /* FilmViewController.swift */,
				AA1DCC7129B6C72A00503406 /* MovieCell.swift */,
				AA1DCC5F29B6A42800503406 /* Main.storyboard */,
				AA1DCC7829B6EC4100503406 /* DetailViewController.swift */,
				AA1DCC6229B6A42A00503406 /* Assets.xcassets */,
				AA1DCC6429B6A42A00503406 /* LaunchScreen.storyboard */,
				AA1DCC6729B6A42A00503406 /* Info.plist */,
			);
			path = "Project Week 2";
			sourceTree = "<group>";
		};
/* End PBXGroup section */

/* Begin PBXNativeTarget section */
		AA1DCC5529B6A42800503406 /* Project Week 2 */ = {
			isa = PBXNativeTarget;
			buildConfigurationList = AA1DCC6A29B6A42A00503406 /* Build configuration list for PBXNativeTarget "Project Week 2" */;
			buildPhases = (
				AA1DCC5229B6A42800503406 /* Sources */,
				AA1DCC5329B6A42800503406 /* Frameworks */,
				AA1DCC5429B6A42800503406 /* Resources */,
			);
			buildRules = (
			);
			dependencies = (
			);
			name = "Project Week 2";
			packageProductDependencies = (
				AA1DCC7429B6CC9700503406 /* Nuke */,
			);
			productName = "Project Week 2";
			productReference = AA1DCC5629B6A42800503406 /* Project Week 2.app */;
			productType = "com.apple.product-type.application";
		};
/* End PBXNativeTarget section */

/* Begin PBXProject section */
		AA1DCC4E29B6A42800503406 /* Project object */ = {
			isa = PBXProject;
			attributes = {
				BuildIndependentTargetsInParallel = 1;
				LastSwiftUpdateCheck = 1420;
				LastUpgradeCheck = 1420;
				TargetAttributes = {
					AA1DCC5529B6A42800503406 = {
						CreatedOnToolsVersion = 14.2;
					};
				};
			};
			buildConfigurationList = AA1DCC5129B6A42800503406 /* Build configuration list for PBXProject "Project Week 2" */;
			compatibilityVersion = "Xcode 14.0";
			developmentRegion = en;
			hasScannedForEncodings = 0;
			knownRegions = (
				en,
				Base,
			);
			mainGroup = AA1DCC4D29B6A42800503406;
			packageReferences = (
				AA1DCC7329B6CC9700503406 /* XCRemoteSwiftPackageReference "Nuke" */,
			);
			productRefGroup = AA1DCC5729B6A42800503406 /* Products */;
			projectDirPath = "";
			projectRoot = "";
			targets = (
				AA1DCC5529B6A42800503406 /* Project Week 2 */,
			);
		};
/* End PBXProject section */

/* Begin PBXResourcesBuildPhase section */
		AA1DCC5429B6A42800503406 /* Resources */ = {
			isa = PBXResourcesBuildPhase;
			buildActionMask = 2147483647;
			files = (
				AA1DCC6629B6A42A00503406 /* LaunchScreen.storyboard in Resources */,
				AA1DCC6329B6A42A00503406 /* Assets.xcassets in Resources */,
				AA1DCC6129B6A42800503406 /* Main.storyboard in Resources */,
			);
			runOnlyForDeploymentPostprocessing = 0;
		};
/* End PBXResourcesBuildPhase section */

/* Begin PBXSourcesBuildPhase section */
		AA1DCC5229B6A42800503406 /* Sources */ = {
			isa = PBXSourcesBuildPhase;
			buildActionMask = 2147483647;
			files = (
				AA1DCC5E29B6A42800503406 /* FilmViewController.swift in Sources */,
				AA1DCC5A29B6A42800503406 /* AppDelegate.swift in Sources */,
				AA1DCC5C29B6A42800503406 /* SceneDelegate.swift in Sources */,
				AA1DCC7929B6EC4100503406 /* DetailViewController.swift in Sources */,
				AA1DCC7229B6C72A00503406 /* MovieCell.swift in Sources */,
				AA1DCC6E29B6A71D00503406 /* Movie.swift in Sources */,
			);
			runOnlyForDeploymentPostprocessing = 0;
		};
/* End PBXSourcesBuildPhase section */

/* Begin PBXVariantGroup section */
		AA1DCC5F29B6A42800503406 /* Main.storyboard */ = {
			isa = PBXVariantGroup;
			children = (
				AA1DCC6029B6A42800503406 /* Base */,
			);
			name = Main.storyboard;
			sourceTree = "<group>";
		};
		AA1DCC6429B6A42A00503406 /* LaunchScreen.storyboard */ = {
			isa = PBXVariantGroup;
			children = (
				AA1DCC6529B6A42A00503406 /* Base */,
			);
			name = LaunchScreen.storyboard;
			sourceTree = "<group>";
		};
/* End PBXVariantGroup section */

/* Begin XCBuildConfiguration section */
		AA1DCC6829B6A42A00503406 /* Debug */ = {
			isa = XCBuildConfiguration;
			buildSettings = {
				ALWAYS_SEARCH_USER_PATHS = NO;
				CLANG_ANALYZER_NONNULL = YES;
				CLANG_ANALYZER_NUMBER_OBJECT_CONVERSION = YES_AGGRESSIVE;
				CLANG_CXX_LANGUAGE_STANDARD = "gnu++20";
				CLANG_ENABLE_MODULES = YES;
				CLANG_ENABLE_OBJC_ARC = YES;
				CLANG_ENABLE_OBJC_WEAK = YES;
				CLANG_WARN_BLOCK_CAPTURE_AUTORELEASING = YES;
				CLANG_WARN_BOOL_CONVERSION = YES;
				CLANG_WARN_COMMA = YES;
				CLANG_WARN_CONSTANT_CONVERSION = YES;
				CLANG_WARN_DEPRECATED_OBJC_IMPLEMENTATIONS = YES;
				CLANG_WARN_DIRECT_OBJC_ISA_USAGE = YES_ERROR;
				CLANG_WARN_DOCUMENTATION_COMMENTS = YES;
				CLANG_WARN_EMPTY_BODY = YES;
				CLANG_WARN_ENUM_CONVERSION = YES;
				CLANG_WARN_INFINITE_RECURSION = YES;
				CLANG_WARN_INT_CONVERSION = YES;
				CLANG_WARN_NON_LITERAL_NULL_CONVERSION = YES;
				CLANG_WARN_OBJC_IMPLICIT_RETAIN_SELF = YES;
				CLANG_WARN_OBJC_LITERAL_CONVERSION = YES;
				CLANG_WARN_OBJC_ROOT_CLASS = YES_ERROR;
				CLANG_WARN_QUOTED_INCLUDE_IN_FRAMEWORK_HEADER = YES;
				CLANG_WARN_RANGE_LOOP_ANALYSIS = YES;
				CLANG_WARN_STRICT_PROTOTYPES = YES;
				CLANG_WARN_SUSPICIOUS_MOVE = YES;
				CLANG_WARN_UNGUARDED_AVAILABILITY = YES_AGGRESSIVE;
				CLANG_WARN_UNREACHABLE_CODE = YES;
				CLANG_WARN__DUPLICATE_METHOD_MATCH = YES;
				COPY_PHASE_STRIP = NO;
				DEBUG_INFORMATION_FORMAT = dwarf;
				ENABLE_STRICT_OBJC_MSGSEND = YES;
				ENABLE_TESTABILITY = YES;
				GCC_C_LANGUAGE_STANDARD = gnu11;
				GCC_DYNAMIC_NO_PIC = NO;
				GCC_NO_COMMON_BLOCKS = YES;
				GCC_OPTIMIZATION_LEVEL = 0;
				GCC_PREPROCESSOR_DEFINITIONS = (
					"DEBUG=1",
					"$(inherited)",
				);
				GCC_WARN_64_TO_32_BIT_CONVERSION = YES;
				GCC_WARN_ABOUT_RETURN_TYPE = YES_ERROR;
				GCC_WARN_UNDECLARED_SELECTOR = YES;
				GCC_WARN_UNINITIALIZED_AUTOS = YES_AGGRESSIVE;
				GCC_WARN_UNUSED_FUNCTION = YES;
				GCC_WARN_UNUSED_VARIABLE = YES;
				IPHONEOS_DEPLOYMENT_TARGET = 16.2;
				MTL_ENABLE_DEBUG_INFO = INCLUDE_SOURCE;
				MTL_FAST_MATH = YES;
				ONLY_ACTIVE_ARCH = YES;
				SDKROOT = iphoneos;
				SWIFT_ACTIVE_COMPILATION_CONDITIONS = DEBUG;
				SWIFT_OPTIMIZATION_LEVEL = "-Onone";
			};
			name = Debug;
		};
		AA1DCC6929B6A42A00503406 /* Release */ = {
			isa = XCBuildConfiguration;
			buildSettings = {
				ALWAYS_SEARCH_USER_PATHS = NO;
				CLANG_ANALYZER_NONNULL = YES;
				CLANG_ANALYZER_NUMBER_OBJECT_CONVERSION = YES_AGGRESSIVE;
				CLANG_CXX_LANGUAGE_STANDARD = "gnu++20";
				CLANG_ENABLE_MODULES = YES;
				CLANG_ENABLE_OBJC_ARC = YES;
				CLANG_ENABLE_OBJC_WEAK = YES;
				CLANG_WARN_BLOCK_CAPTURE_AUTORELEASING = YES;
				CLANG_WARN_BOOL_CONVERSION = YES;
				CLANG_WARN_COMMA = YES;
				CLANG_WARN_CONSTANT_CONVERSION = YES;
				CLANG_WARN_DEPRECATED_OBJC_IMPLEMENTATIONS = YES;
				CLANG_WARN_DIRECT_OBJC_ISA_USAGE = YES_ERROR;
				CLANG_WARN_DOCUMENTATION_COMMENTS = YES;
				CLANG_WARN_EMPTY_BODY = YES;
				CLANG_WARN_ENUM_CONVERSION = YES;
				CLANG_WARN_INFINITE_RECURSION = YES;
				CLANG_WARN_INT_CONVERSION = YES;
				CLANG_WARN_NON_LITERAL_NULL_CONVERSION = YES;
				CLANG_WARN_OBJC_IMPLICIT_RETAIN_SELF = YES;
				CLANG_WARN_OBJC_LITERAL_CONVERSION = YES;
				CLANG_WARN_OBJC_ROOT_CLASS = YES_ERROR;
				CLANG_WARN_QUOTED_INCLUDE_IN_FRAMEWORK_HEADER = YES;
				CLANG_WARN_RANGE_LOOP_ANALYSIS = YES;
				CLANG_WARN_STRICT_PROTOTYPES = YES;
				CLANG_WARN_SUSPICIOUS_MOVE = YES;
				CLANG_WARN_UNGUARDED_AVAILABILITY = YES_AGGRESSIVE;
				CLANG_WARN_UNREACHABLE_CODE = YES;
				CLANG_WARN__DUPLICATE_METHOD_MATCH = YES;
				COPY_PHASE_STRIP = NO;
				DEBUG_INFORMATION_FORMAT = "dwarf-with-dsym";
				ENABLE_NS_ASSERTIONS = NO;
				ENABLE_STRICT_OBJC_MSGSEND = YES;
				GCC_C_LANGUAGE_STANDARD = gnu11;
				GCC_NO_COMMON_BLOCKS = YES;
				GCC_WARN_64_TO_32_BIT_CONVERSION = YES;
				GCC_WARN_ABOUT_RETURN_TYPE = YES_ERROR;
				GCC_WARN_UNDECLARED_SELECTOR = YES;
				GCC_WARN_UNINITIALIZED_AUTOS = YES_AGGRESSIVE;
				GCC_WARN_UNUSED_FUNCTION = YES;
				GCC_WARN_UNUSED_VARIABLE = YES;
				IPHONEOS_DEPLOYMENT_TARGET = 16.2;
				MTL_ENABLE_DEBUG_INFO = NO;
				MTL_FAST_MATH = YES;
				SDKROOT = iphoneos;
				SWIFT_COMPILATION_MODE = wholemodule;
				SWIFT_OPTIMIZATION_LEVEL = "-O";
				VALIDATE_PRODUCT = YES;
			};
			name = Release;
		};
		AA1DCC6B29B6A42A00503406 /* Debug */ = {
			isa = XCBuildConfiguration;
			buildSettings = {
				ASSETCATALOG_COMPILER_APPICON_NAME = AppIcon;
				ASSETCATALOG_COMPILER_GLOBAL_ACCENT_COLOR_NAME = AccentColor;
				CODE_SIGN_STYLE = Automatic;
				CURRENT_PROJECT_VERSION = 1;
				GENERATE_INFOPLIST_FILE = YES;
				INFOPLIST_FILE = "Project Week 2/Info.plist";
				INFOPLIST_KEY_UIApplicationSupportsIndirectInputEvents = YES;
				INFOPLIST_KEY_UILaunchStoryboardName = LaunchScreen;
				INFOPLIST_KEY_UIMainStoryboardFile = Main;
				INFOPLIST_KEY_UISupportedInterfaceOrientations_iPad = "UIInterfaceOrientationPortrait UIInterfaceOrientationPortraitUpsideDown UIInterfaceOrientationLandscapeLeft UIInterfaceOrientationLandscapeRight";
				INFOPLIST_KEY_UISupportedInterfaceOrientations_iPhone = "UIInterfaceOrientationPortrait UIInterfaceOrientationLandscapeLeft UIInterfaceOrientationLandscapeRight";
				LD_RUNPATH_SEARCH_PATHS = (
					"$(inherited)",
					"@executable_path/Frameworks",
				);
				MARKETING_VERSION = 1.0;
				PRODUCT_BUNDLE_IDENTIFIER = "HuyNguyen.Project-Week-2";
				PRODUCT_NAME = "$(TARGET_NAME)";
				SWIFT_EMIT_LOC_STRINGS = YES;
				SWIFT_VERSION = 5.0;
				TARGETED_DEVICE_FAMILY = "1,2";
			};
			name = Debug;
		};
		AA1DCC6C29B6A42A00503406 /* Release */ = {
			isa = XCBuildConfiguration;
			buildSettings = {
				ASSETCATALOG_COMPILER_APPICON_NAME = AppIcon;
				ASSETCATALOG_COMPILER_GLOBAL_ACCENT_COLOR_NAME = AccentColor;
				CODE_SIGN_STYLE = Automatic;
				CURRENT_PROJECT_VERSION = 1;
				GENERATE_INFOPLIST_FILE = YES;
				INFOPLIST_FILE = "Project Week 2/Info.plist";
				INFOPLIST_KEY_UIApplicationSupportsIndirectInputEvents = YES;
				INFOPLIST_KEY_UILaunchStoryboardName = LaunchScreen;
				INFOPLIST_KEY_UIMainStoryboardFile = Main;
				INFOPLIST_KEY_UISupportedInterfaceOrientations_iPad = "UIInterfaceOrientationPortrait UIInterfaceOrientationPortraitUpsideDown UIInterfaceOrientationLandscapeLeft UIInterfaceOrientationLandscapeRight";
				INFOPLIST_KEY_UISupportedInterfaceOrientations_iPhone = "UIInterfaceOrientationPortrait UIInterfaceOrientationLandscapeLeft UIInterfaceOrientationLandscapeRight";
				LD_RUNPATH_SEARCH_PATHS = (
					"$(inherited)",
					"@executable_path/Frameworks",
				);
				MARKETING_VERSION = 1.0;
				PRODUCT_BUNDLE_IDENTIFIER = "HuyNguyen.Project-Week-2";
				PRODUCT_NAME = "$(TARGET_NAME)";
				SWIFT_EMIT_LOC_STRINGS = YES;
				SWIFT_VERSION = 5.0;
				TARGETED_DEVICE_FAMILY = "1,2";
			};
			name = Release;
		};
/* End XCBuildConfiguration section */

/* Begin XCConfigurationList section */
		AA1DCC5129B6A42800503406 /* Build configuration list for PBXProject "Project Week 2" */ = {
			isa = XCConfigurationList;
			buildConfigurations = (
				AA1DCC6829B6A42A00503406 /* Debug */,
				AA1DCC6929B6A42A00503406 /* Release */,
			);
			defaultConfigurationIsVisible = 0;
			defaultConfigurationName = Release;
		};
		AA1DCC6A29B6A42A00503406 /* Build configuration list for PBXNativeTarget "Project Week 2" */ = {
			isa = XCConfigurationList;
			buildConfigurations = (
				AA1DCC6B29B6A42A00503406 /* Debug */,
				AA1DCC6C29B6A42A00503406 /* Release */,
			);
			defaultConfigurationIsVisible = 0;
			defaultConfigurationName = Release;
		};
/* End XCConfigurationList section */

/* Begin XCRemoteSwiftPackageReference section */
		AA1DCC7329B6CC9700503406 /* XCRemoteSwiftPackageReference "Nuke" */ = {
			isa = XCRemoteSwiftPackageReference;
			repositoryURL = "https://github.com/kean/Nuke.git";
			requirement = {
				kind = upToNextMajorVersion;
				minimumVersion = 9.0.0;
			};
		};
/* End XCRemoteSwiftPackageReference section */

/* Begin XCSwiftPackageProductDependency section */
		AA1DCC7429B6CC9700503406 /* Nuke */ = {
			isa = XCSwiftPackageProductDependency;
			package = AA1DCC7329B6CC9700503406 /* XCRemoteSwiftPackageReference "Nuke" */;
			productName = Nuke;
		};
/* End XCSwiftPackageProductDependency section */
	};
	rootObject = AA1DCC4E29B6A42800503406 /* Project object */;
}
